// !$*UTF8*$!
{
	archiveVersion = 1;
	classes = {
	};
	objectVersion = 50;
	objects = {

/* Begin PBXBuildFile section */
		BBA80F17257CC56F005655BD /* SportScoreApp.swift in Sources */ = {isa = PBXBuildFile; fileRef = BBA80F16257CC56F005655BD /* SportScoreApp.swift */; };
		BBA80F19257CC56F005655BD /* ContentView.swift in Sources */ = {isa = PBXBuildFile; fileRef = BBA80F18257CC56F005655BD /* ContentView.swift */; };
		BBA80F1B257CC573005655BD /* Assets.xcassets in Resources */ = {isa = PBXBuildFile; fileRef = BBA80F1A257CC573005655BD /* Assets.xcassets */; };
		BBA80F1E257CC573005655BD /* Preview Assets.xcassets in Resources */ = {isa = PBXBuildFile; fileRef = BBA80F1D257CC573005655BD /* Preview Assets.xcassets */; };
		BBA80F29257CC573005655BD /* SportScoreTests.swift in Sources */ = {isa = PBXBuildFile; fileRef = BBA80F28257CC573005655BD /* SportScoreTests.swift */; };
		BBA80F34257CC573005655BD /* SportScoreUITests.swift in Sources */ = {isa = PBXBuildFile; fileRef = BBA80F33257CC573005655BD /* SportScoreUITests.swift */; };
/* End PBXBuildFile section */

/* Begin PBXContainerItemProxy section */
		BBA80F25257CC573005655BD /* PBXContainerItemProxy */ = {
			isa = PBXContainerItemProxy;
			containerPortal = BBA80F0B257CC56F005655BD /* Project object */;
			proxyType = 1;
			remoteGlobalIDString = BBA80F12257CC56F005655BD;
			remoteInfo = SportScore;
		};
		BBA80F30257CC573005655BD /* PBXContainerItemProxy */ = {
			isa = PBXContainerItemProxy;
			containerPortal = BBA80F0B257CC56F005655BD /* Project object */;
			proxyType = 1;
			remoteGlobalIDString = BBA80F12257CC56F005655BD;
			remoteInfo = SportScore;
		};
/* End PBXContainerItemProxy section */

/* Begin PBXFileReference section */
		BBA80F13257CC56F005655BD /* SportScore.app */ = {isa = PBXFileReference; explicitFileType = wrapper.application; includeInIndex = 0; path = SportScore.app; sourceTree = BUILT_PRODUCTS_DIR; };
		BBA80F16257CC56F005655BD /* SportScoreApp.swift */ = {isa = PBXFileReference; lastKnownFileType = sourcecode.swift; path = SportScoreApp.swift; sourceTree = "<group>"; };
		BBA80F18257CC56F005655BD /* ContentView.swift */ = {isa = PBXFileReference; lastKnownFileType = sourcecode.swift; path = ContentView.swift; sourceTree = "<group>"; };
		BBA80F1A257CC573005655BD /* Assets.xcassets */ = {isa = PBXFileReference; lastKnownFileType = folder.assetcatalog; path = Assets.xcassets; sourceTree = "<group>"; };
		BBA80F1D257CC573005655BD /* Preview Assets.xcassets */ = {isa = PBXFileReference; lastKnownFileType = folder.assetcatalog; path = "Preview Assets.xcassets"; sourceTree = "<group>"; };
		BBA80F1F257CC573005655BD /* Info.plist */ = {isa = PBXFileReference; lastKnownFileType = text.plist.xml; path = Info.plist; sourceTree = "<group>"; };
		BBA80F24257CC573005655BD /* SportScoreTests.xctest */ = {isa = PBXFileReference; explicitFileType = wrapper.cfbundle; includeInIndex = 0; path = SportScoreTests.xctest; sourceTree = BUILT_PRODUCTS_DIR; };
		BBA80F28257CC573005655BD /* SportScoreTests.swift */ = {isa = PBXFileReference; lastKnownFileType = sourcecode.swift; path = SportScoreTests.swift; sourceTree = "<group>"; };
		BBA80F2A257CC573005655BD /* Info.plist */ = {isa = PBXFileReference; lastKnownFileType = text.plist.xml; path = Info.plist; sourceTree = "<group>"; };
		BBA80F2F257CC573005655BD /* SportScoreUITests.xctest */ = {isa = PBXFileReference; explicitFileType = wrapper.cfbundle; includeInIndex = 0; path = SportScoreUITests.xctest; sourceTree = BUILT_PRODUCTS_DIR; };
		BBA80F33257CC573005655BD /* SportScoreUITests.swift */ = {isa = PBXFileReference; lastKnownFileType = sourcecode.swift; path = SportScoreUITests.swift; sourceTree = "<group>"; };
		BBA80F35257CC573005655BD /* Info.plist */ = {isa = PBXFileReference; lastKnownFileType = text.plist.xml; path = Info.plist; sourceTree = "<group>"; };
/* End PBXFileReference section */

/* Begin PBXFrameworksBuildPhase section */
		BBA80F10257CC56F005655BD /* Frameworks */ = {
			isa = PBXFrameworksBuildPhase;
			buildActionMask = 2147483647;
			files = (
			);
			runOnlyForDeploymentPostprocessing = 0;
		};
		BBA80F21257CC573005655BD /* Frameworks */ = {
			isa = PBXFrameworksBuildPhase;
			buildActionMask = 2147483647;
			files = (
			);
			runOnlyForDeploymentPostprocessing = 0;
		};
		BBA80F2C257CC573005655BD /* Frameworks */ = {
			isa = PBXFrameworksBuildPhase;
			buildActionMask = 2147483647;
			files = (
			);
			runOnlyForDeploymentPostprocessing = 0;
		};
/* End PBXFrameworksBuildPhase section */

/* Begin PBXGroup section */
		BBA80F0A257CC56F005655BD = {
			isa = PBXGroup;
			children = (
				BBA80F15257CC56F005655BD /* SportScore */,
				BBA80F27257CC573005655BD /* SportScoreTests */,
				BBA80F32257CC573005655BD /* SportScoreUITests */,
				BBA80F14257CC56F005655BD /* Products */,
			);
			sourceTree = "<group>";
		};
		BBA80F14257CC56F005655BD /* Products */ = {
			isa = PBXGroup;
			children = (
				BBA80F13257CC56F005655BD /* SportScore.app */,
				BBA80F24257CC573005655BD /* SportScoreTests.xctest */,
				BBA80F2F257CC573005655BD /* SportScoreUITests.xctest */,
			);
			name = Products;
			sourceTree = "<group>";
		};
		BBA80F15257CC56F005655BD /* SportScore */ = {
			isa = PBXGroup;
			children = (
				BBA80F16257CC56F005655BD /* SportScoreApp.swift */,
				BBA80F18257CC56F005655BD /* ContentView.swift */,
				BBA80F1A257CC573005655BD /* Assets.xcassets */,
				BBA80F1F257CC573005655BD /* Info.plist */,
				BBA80F1C257CC573005655BD /* Preview Content */,
			);
			path = SportScore;
			sourceTree = "<group>";
		};
		BBA80F1C257CC573005655BD /* Preview Content */ = {
			isa = PBXGroup;
			children = (
				BBA80F1D257CC573005655BD /* Preview Assets.xcassets */,
			);
			path = "Preview Content";
			sourceTree = "<group>";
		};
		BBA80F27257CC573005655BD /* SportScoreTests */ = {
			isa = PBXGroup;
			children = (
				BBA80F28257CC573005655BD /* SportScoreTests.swift */,
				BBA80F2A257CC573005655BD /* Info.plist */,
			);
			path = SportScoreTests;
			sourceTree = "<group>";
		};
		BBA80F32257CC573005655BD /* SportScoreUITests */ = {
			isa = PBXGroup;
			children = (
				BBA80F33257CC573005655BD /* SportScoreUITests.swift */,
				BBA80F35257CC573005655BD /* Info.plist */,
			);
			path = SportScoreUITests;
			sourceTree = "<group>";
		};
/* End PBXGroup section */

/* Begin PBXNativeTarget section */
		BBA80F12257CC56F005655BD /* SportScore */ = {
			isa = PBXNativeTarget;
			buildConfigurationList = BBA80F38257CC573005655BD /* Build configuration list for PBXNativeTarget "SportScore" */;
			buildPhases = (
				BBA80F0F257CC56F005655BD /* Sources */,
				BBA80F10257CC56F005655BD /* Frameworks */,
				BBA80F11257CC56F005655BD /* Resources */,
			);
			buildRules = (
			);
			dependencies = (
			);
			name = SportScore;
			productName = SportScore;
			productReference = BBA80F13257CC56F005655BD /* SportScore.app */;
			productType = "com.apple.product-type.application";
		};
		BBA80F23257CC573005655BD /* SportScoreTests */ = {
			isa = PBXNativeTarget;
			buildConfigurationList = BBA80F3B257CC573005655BD /* Build configuration list for PBXNativeTarget "SportScoreTests" */;
			buildPhases = (
				BBA80F20257CC573005655BD /* Sources */,
				BBA80F21257CC573005655BD /* Frameworks */,
				BBA80F22257CC573005655BD /* Resources */,
			);
			buildRules = (
			);
			dependencies = (
				BBA80F26257CC573005655BD /* PBXTargetDependency */,
			);
			name = SportScoreTests;
			productName = SportScoreTests;
			productReference = BBA80F24257CC573005655BD /* SportScoreTests.xctest */;
			productType = "com.apple.product-type.bundle.unit-test";
		};
		BBA80F2E257CC573005655BD /* SportScoreUITests */ = {
			isa = PBXNativeTarget;
			buildConfigurationList = BBA80F3E257CC573005655BD /* Build configuration list for PBXNativeTarget "SportScoreUITests" */;
			buildPhases = (
				BBA80F2B257CC573005655BD /* Sources */,
				BBA80F2C257CC573005655BD /* Frameworks */,
				BBA80F2D257CC573005655BD /* Resources */,
			);
			buildRules = (
			);
			dependencies = (
				BBA80F31257CC573005655BD /* PBXTargetDependency */,
			);
			name = SportScoreUITests;
			productName = SportScoreUITests;
			productReference = BBA80F2F257CC573005655BD /* SportScoreUITests.xctest */;
			productType = "com.apple.product-type.bundle.ui-testing";
		};
/* End PBXNativeTarget section */

/* Begin PBXProject section */
		BBA80F0B257CC56F005655BD /* Project object */ = {
			isa = PBXProject;
			attributes = {
				LastSwiftUpdateCheck = 1220;
				LastUpgradeCheck = 1220;
				TargetAttributes = {
					BBA80F12257CC56F005655BD = {
						CreatedOnToolsVersion = 12.2;
					};
					BBA80F23257CC573005655BD = {
						CreatedOnToolsVersion = 12.2;
						TestTargetID = BBA80F12257CC56F005655BD;
					};
					BBA80F2E257CC573005655BD = {
						CreatedOnToolsVersion = 12.2;
						TestTargetID = BBA80F12257CC56F005655BD;
					};
				};
			};
			buildConfigurationList = BBA80F0E257CC56F005655BD /* Build configuration list for PBXProject "SportScore" */;
			compatibilityVersion = "Xcode 9.3";
			developmentRegion = en;
			hasScannedForEncodings = 0;
			knownRegions = (
				en,
				Base,
			);
			mainGroup = BBA80F0A257CC56F005655BD;
			productRefGroup = BBA80F14257CC56F005655BD /* Products */;
			projectDirPath = "";
			projectRoot = "";
			targets = (
				BBA80F12257CC56F005655BD /* SportScore */,
				BBA80F23257CC573005655BD /* SportScoreTests */,
				BBA80F2E257CC573005655BD /* SportScoreUITests */,
			);
		};
/* End PBXProject section */

/* Begin PBXResourcesBuildPhase section */
		BBA80F11257CC56F005655BD /* Resources */ = {
			isa = PBXResourcesBuildPhase;
			buildActionMask = 2147483647;
			files = (
				BBA80F1E257CC573005655BD /* Preview Assets.xcassets in Resources */,
				BBA80F1B257CC573005655BD /* Assets.xcassets in Resources */,
			);
			runOnlyForDeploymentPostprocessing = 0;
		};
		BBA80F22257CC573005655BD /* Resources */ = {
			isa = PBXResourcesBuildPhase;
			buildActionMask = 2147483647;
			files = (
			);
			runOnlyForDeploymentPostprocessing = 0;
		};
		BBA80F2D257CC573005655BD /* Resources */ = {
			isa = PBXResourcesBuildPhase;
			buildActionMask = 2147483647;
			files = (
			);
			runOnlyForDeploymentPostprocessing = 0;
		};
/* End PBXResourcesBuildPhase section */

/* Begin PBXSourcesBuildPhase section */
		BBA80F0F257CC56F005655BD /* Sources */ = {
			isa = PBXSourcesBuildPhase;
			buildActionMask = 2147483647;
			files = (
				BBA80F19257CC56F005655BD /* ContentView.swift in Sources */,
				BBA80F17257CC56F005655BD /* SportScoreApp.swift in Sources */,
			);
			runOnlyForDeploymentPostprocessing = 0;
		};
		BBA80F20257CC573005655BD /* Sources */ = {
			isa = PBXSourcesBuildPhase;
			buildActionMask = 2147483647;
			files = (
				BBA80F29257CC573005655BD /* SportScoreTests.swift in Sources */,
			);
			runOnlyForDeploymentPostprocessing = 0;
		};
		BBA80F2B257CC573005655BD /* Sources */ = {
			isa = PBXSourcesBuildPhase;
			buildActionMask = 2147483647;
			files = (
				BBA80F34257CC573005655BD /* SportScoreUITests.swift in Sources */,
			);
			runOnlyForDeploymentPostprocessing = 0;
		};
/* End PBXSourcesBuildPhase section */

/* Begin PBXTargetDependency section */
		BBA80F26257CC573005655BD /* PBXTargetDependency */ = {
			isa = PBXTargetDependency;
			target = BBA80F12257CC56F005655BD /* SportScore */;
			targetProxy = BBA80F25257CC573005655BD /* PBXContainerItemProxy */;
		};
		BBA80F31257CC573005655BD /* PBXTargetDependency */ = {
			isa = PBXTargetDependency;
			target = BBA80F12257CC56F005655BD /* SportScore */;
			targetProxy = BBA80F30257CC573005655BD /* PBXContainerItemProxy */;
		};
/* End PBXTargetDependency section */

/* Begin XCBuildConfiguration section */
		BBA80F36257CC573005655BD /* Debug */ = {
			isa = XCBuildConfiguration;
			buildSettings = {
				ALWAYS_SEARCH_USER_PATHS = NO;
				CLANG_ANALYZER_NONNULL = YES;
				CLANG_ANALYZER_NUMBER_OBJECT_CONVERSION = YES_AGGRESSIVE;
				CLANG_CXX_LANGUAGE_STANDARD = "gnu++14";
				CLANG_CXX_LIBRARY = "libc++";
				CLANG_ENABLE_MODULES = YES;
				CLANG_ENABLE_OBJC_ARC = YES;
				CLANG_ENABLE_OBJC_WEAK = YES;
				CLANG_WARN_BLOCK_CAPTURE_AUTORELEASING = YES;
				CLANG_WARN_BOOL_CONVERSION = YES;
				CLANG_WARN_COMMA = YES;
				CLANG_WARN_CONSTANT_CONVERSION = YES;
				CLANG_WARN_DEPRECATED_OBJC_IMPLEMENTATIONS = YES;
				CLANG_WARN_DIRECT_OBJC_ISA_USAGE = YES_ERROR;
				CLANG_WARN_DOCUMENTATION_COMMENTS = YES;
				CLANG_WARN_EMPTY_BODY = YES;
				CLANG_WARN_ENUM_CONVERSION = YES;
				CLANG_WARN_INFINITE_RECURSION = YES;
				CLANG_WARN_INT_CONVERSION = YES;
				CLANG_WARN_NON_LITERAL_NULL_CONVERSION = YES;
				CLANG_WARN_OBJC_IMPLICIT_RETAIN_SELF = YES;
				CLANG_WARN_OBJC_LITERAL_CONVERSION = YES;
				CLANG_WARN_OBJC_ROOT_CLASS = YES_ERROR;
				CLANG_WARN_QUOTED_INCLUDE_IN_FRAMEWORK_HEADER = YES;
				CLANG_WARN_RANGE_LOOP_ANALYSIS = YES;
				CLANG_WARN_STRICT_PROTOTYPES = YES;
				CLANG_WARN_SUSPICIOUS_MOVE = YES;
				CLANG_WARN_UNGUARDED_AVAILABILITY = YES_AGGRESSIVE;
				CLANG_WARN_UNREACHABLE_CODE = YES;
				CLANG_WARN__DUPLICATE_METHOD_MATCH = YES;
				COPY_PHASE_STRIP = NO;
				DEBUG_INFORMATION_FORMAT = dwarf;
				ENABLE_STRICT_OBJC_MSGSEND = YES;
				ENABLE_TESTABILITY = YES;
				GCC_C_LANGUAGE_STANDARD = gnu11;
				GCC_DYNAMIC_NO_PIC = NO;
				GCC_NO_COMMON_BLOCKS = YES;
				GCC_OPTIMIZATION_LEVEL = 0;
				GCC_PREPROCESSOR_DEFINITIONS = (
					"DEBUG=1",
					"$(inherited)",
				);
				GCC_WARN_64_TO_32_BIT_CONVERSION = YES;
				GCC_WARN_ABOUT_RETURN_TYPE = YES_ERROR;
				GCC_WARN_UNDECLARED_SELECTOR = YES;
				GCC_WARN_UNINITIALIZED_AUTOS = YES_AGGRESSIVE;
				GCC_WARN_UNUSED_FUNCTION = YES;
				GCC_WARN_UNUSED_VARIABLE = YES;
				IPHONEOS_DEPLOYMENT_TARGET = 14.2;
				MTL_ENABLE_DEBUG_INFO = INCLUDE_SOURCE;
				MTL_FAST_MATH = YES;
				ONLY_ACTIVE_ARCH = YES;
				SDKROOT = iphoneos;
				SWIFT_ACTIVE_COMPILATION_CONDITIONS = DEBUG;
				SWIFT_OPTIMIZATION_LEVEL = "-Onone";
			};
			name = Debug;
		};
		BBA80F37257CC573005655BD /* Release */ = {
			isa = XCBuildConfiguration;
			buildSettings = {
				ALWAYS_SEARCH_USER_PATHS = NO;
				CLANG_ANALYZER_NONNULL = YES;
				CLANG_ANALYZER_NUMBER_OBJECT_CONVERSION = YES_AGGRESSIVE;
				CLANG_CXX_LANGUAGE_STANDARD = "gnu++14";
				CLANG_CXX_LIBRARY = "libc++";
				CLANG_ENABLE_MODULES = YES;
				CLANG_ENABLE_OBJC_ARC = YES;
				CLANG_ENABLE_OBJC_WEAK = YES;
				CLANG_WARN_BLOCK_CAPTURE_AUTORELEASING = YES;
				CLANG_WARN_BOOL_CONVERSION = YES;
				CLANG_WARN_COMMA = YES;
				CLANG_WARN_CONSTANT_CONVERSION = YES;
				CLANG_WARN_DEPRECATED_OBJC_IMPLEMENTATIONS = YES;
				CLANG_WARN_DIRECT_OBJC_ISA_USAGE = YES_ERROR;
				CLANG_WARN_DOCUMENTATION_COMMENTS = YES;
				CLANG_WARN_EMPTY_BODY = YES;
				CLANG_WARN_ENUM_CONVERSION = YES;
				CLANG_WARN_INFINITE_RECURSION = YES;
				CLANG_WARN_INT_CONVERSION = YES;
				CLANG_WARN_NON_LITERAL_NULL_CONVERSION = YES;
				CLANG_WARN_OBJC_IMPLICIT_RETAIN_SELF = YES;
				CLANG_WARN_OBJC_LITERAL_CONVERSION = YES;
				CLANG_WARN_OBJC_ROOT_CLASS = YES_ERROR;
				CLANG_WARN_QUOTED_INCLUDE_IN_FRAMEWORK_HEADER = YES;
				CLANG_WARN_RANGE_LOOP_ANALYSIS = YES;
				CLANG_WARN_STRICT_PROTOTYPES = YES;
				CLANG_WARN_SUSPICIOUS_MOVE = YES;
				CLANG_WARN_UNGUARDED_AVAILABILITY = YES_AGGRESSIVE;
				CLANG_WARN_UNREACHABLE_CODE = YES;
				CLANG_WARN__DUPLICATE_METHOD_MATCH = YES;
				COPY_PHASE_STRIP = NO;
				DEBUG_INFORMATION_FORMAT = "dwarf-with-dsym";
				ENABLE_NS_ASSERTIONS = NO;
				ENABLE_STRICT_OBJC_MSGSEND = YES;
				GCC_C_LANGUAGE_STANDARD = gnu11;
				GCC_NO_COMMON_BLOCKS = YES;
				GCC_WARN_64_TO_32_BIT_CONVERSION = YES;
				GCC_WARN_ABOUT_RETURN_TYPE = YES_ERROR;
				GCC_WARN_UNDECLARED_SELECTOR = YES;
				GCC_WARN_UNINITIALIZED_AUTOS = YES_AGGRESSIVE;
				GCC_WARN_UNUSED_FUNCTION = YES;
				GCC_WARN_UNUSED_VARIABLE = YES;
				IPHONEOS_DEPLOYMENT_TARGET = 14.2;
				MTL_ENABLE_DEBUG_INFO = NO;
				MTL_FAST_MATH = YES;
				SDKROOT = iphoneos;
				SWIFT_COMPILATION_MODE = wholemodule;
				SWIFT_OPTIMIZATION_LEVEL = "-O";
				VALIDATE_PRODUCT = YES;
			};
			name = Release;
		};
		BBA80F39257CC573005655BD /* Debug */ = {
			isa = XCBuildConfiguration;
			buildSettings = {
				ASSETCATALOG_COMPILER_APPICON_NAME = AppIcon;
				ASSETCATALOG_COMPILER_GLOBAL_ACCENT_COLOR_NAME = AccentColor;
				CODE_SIGN_STYLE = Automatic;
				DEVELOPMENT_ASSET_PATHS = "\"SportScore/Preview Content\"";
				ENABLE_PREVIEWS = YES;
				INFOPLIST_FILE = SportScore/Info.plist;
				IPHONEOS_DEPLOYMENT_TARGET = 14.0;
				LD_RUNPATH_SEARCH_PATHS = (
					"$(inherited)",
					"@executable_path/Frameworks",
				);
				PRODUCT_BUNDLE_IDENTIFIER = com.sports.SportScore;
				PRODUCT_NAME = "$(TARGET_NAME)";
				SWIFT_VERSION = 5.0;
				TARGETED_DEVICE_FAMILY = "1,2";
			};
			name = Debug;
		};
		BBA80F3A257CC573005655BD /* Release */ = {
			isa = XCBuildConfiguration;
			buildSettings = {
				ASSETCATALOG_COMPILER_APPICON_NAME = AppIcon;
				ASSETCATALOG_COMPILER_GLOBAL_ACCENT_COLOR_NAME = AccentColor;
				CODE_SIGN_STYLE = Automatic;
				DEVELOPMENT_ASSET_PATHS = "\"SportScore/Preview Content\"";
				ENABLE_PREVIEWS = YES;
				INFOPLIST_FILE = SportScore/Info.plist;
				IPHONEOS_DEPLOYMENT_TARGET = 14.0;
				LD_RUNPATH_SEARCH_PATHS = (
					"$(inherited)",
					"@executable_path/Frameworks",
				);
				PRODUCT_BUNDLE_IDENTIFIER = com.sports.SportScore;
				PRODUCT_NAME = "$(TARGET_NAME)";
				SWIFT_VERSION = 5.0;
				TARGETED_DEVICE_FAMILY = "1,2";
			};
			name = Release;
		};
		BBA80F3C257CC573005655BD /* Debug */ = {
			isa = XCBuildConfiguration;
			buildSettings = {
				ALWAYS_EMBED_SWIFT_STANDARD_LIBRARIES = YES;
				BUNDLE_LOADER = "$(TEST_HOST)";
				CODE_SIGN_STYLE = Automatic;
				INFOPLIST_FILE = SportScoreTests/Info.plist;
				IPHONEOS_DEPLOYMENT_TARGET = 14.0;
				LD_RUNPATH_SEARCH_PATHS = (
					"$(inherited)",
					"@executable_path/Frameworks",
					"@loader_path/Frameworks",
				);
				PRODUCT_BUNDLE_IDENTIFIER = com.sports.SportScoreTests;
				PRODUCT_NAME = "$(TARGET_NAME)";
				SWIFT_VERSION = 5.0;
				TARGETED_DEVICE_FAMILY = "1,2";
				TEST_HOST = "$(BUILT_PRODUCTS_DIR)/SportScore.app/SportScore";
			};
			name = Debug;
		};
		BBA80F3D257CC573005655BD /* Release */ = {
			isa = XCBuildConfiguration;
			buildSettings = {
				ALWAYS_EMBED_SWIFT_STANDARD_LIBRARIES = YES;
				BUNDLE_LOADER = "$(TEST_HOST)";
				CODE_SIGN_STYLE = Automatic;
				INFOPLIST_FILE = SportScoreTests/Info.plist;
				IPHONEOS_DEPLOYMENT_TARGET = 14.0;
				LD_RUNPATH_SEARCH_PATHS = (
					"$(inherited)",
					"@executable_path/Frameworks",
					"@loader_path/Frameworks",
				);
				PRODUCT_BUNDLE_IDENTIFIER = com.sports.SportScoreTests;
				PRODUCT_NAME = "$(TARGET_NAME)";
				SWIFT_VERSION = 5.0;
				TARGETED_DEVICE_FAMILY = "1,2";
				TEST_HOST = "$(BUILT_PRODUCTS_DIR)/SportScore.app/SportScore";
			};
			name = Release;
		};
		BBA80F3F257CC573005655BD /* Debug */ = {
			isa = XCBuildConfiguration;
			buildSettings = {
				ALWAYS_EMBED_SWIFT_STANDARD_LIBRARIES = YES;
				CODE_SIGN_STYLE = Automatic;
				INFOPLIST_FILE = SportScoreUITests/Info.plist;
				LD_RUNPATH_SEARCH_PATHS = (
					"$(inherited)",
					"@executable_path/Frameworks",
					"@loader_path/Frameworks",
				);
				PRODUCT_BUNDLE_IDENTIFIER = com.sports.SportScoreUITests;
				PRODUCT_NAME = "$(TARGET_NAME)";
				SWIFT_VERSION = 5.0;
				TARGETED_DEVICE_FAMILY = "1,2";
				TEST_TARGET_NAME = SportScore;
			};
			name = Debug;
		};
		BBA80F40257CC573005655BD /* Release */ = {
			isa = XCBuildConfiguration;
			buildSettings = {
				ALWAYS_EMBED_SWIFT_STANDARD_LIBRARIES = YES;
				CODE_SIGN_STYLE = Automatic;
				INFOPLIST_FILE = SportScoreUITests/Info.plist;
				LD_RUNPATH_SEARCH_PATHS = (
					"$(inherited)",
					"@executable_path/Frameworks",
					"@loader_path/Frameworks",
				);
				PRODUCT_BUNDLE_IDENTIFIER = com.sports.SportScoreUITests;
				PRODUCT_NAME = "$(TARGET_NAME)";
				SWIFT_VERSION = 5.0;
				TARGETED_DEVICE_FAMILY = "1,2";
				TEST_TARGET_NAME = SportScore;
			};
			name = Release;
		};
/* End XCBuildConfiguration section */

/* Begin XCConfigurationList section */
		BBA80F0E257CC56F005655BD /* Build configuration list for PBXProject "SportScore" */ = {
			isa = XCConfigurationList;
			buildConfigurations = (
				BBA80F36257CC573005655BD /* Debug */,
				BBA80F37257CC573005655BD /* Release */,
			);
			defaultConfigurationIsVisible = 0;
			defaultConfigurationName = Release;
		};
		BBA80F38257CC573005655BD /* Build configuration list for PBXNativeTarget "SportScore" */ = {
			isa = XCConfigurationList;
			buildConfigurations = (
				BBA80F39257CC573005655BD /* Debug */,
				BBA80F3A257CC573005655BD /* Release */,
			);
			defaultConfigurationIsVisible = 0;
			defaultConfigurationName = Release;
		};
		BBA80F3B257CC573005655BD /* Build configuration list for PBXNativeTarget "SportScoreTests" */ = {
			isa = XCConfigurationList;
			buildConfigurations = (
				BBA80F3C257CC573005655BD /* Debug */,
				BBA80F3D257CC573005655BD /* Release */,
			);
			defaultConfigurationIsVisible = 0;
			defaultConfigurationName = Release;
		};
		BBA80F3E257CC573005655BD /* Build configuration list for PBXNativeTarget "SportScoreUITests" */ = {
			isa = XCConfigurationList;
			buildConfigurations = (
				BBA80F3F257CC573005655BD /* Debug */,
				BBA80F40257CC573005655BD /* Release */,
			);
			defaultConfigurationIsVisible = 0;
			defaultConfigurationName = Release;
		};
/* End XCConfigurationList section */
	};
	rootObject = BBA80F0B257CC56F005655BD /* Project object */;
}
